
Microsoft Visual Studio Solution File, Format Version 12.00
# Visual Studio Version 16
VisualStudioVersion = 16.0.31205.134
MinimumVisualStudioVersion = 10.0.40219.1
Project("{FAE04EC0-301F-11D3-BF4B-00C04F79EFBC}") = "CsvHelperLab", "CsvHelperLab\CsvHelperLab.csproj", "{8D2A4147-EA4E-43FF-A6B4-EAE32C29EEBC}"
EndProject
Global
	GlobalSection(SolutionConfigurationPlatforms) = preSolution
		Debug|Any CPU = Debug|Any CPU
		Release|Any CPU = Release|Any CPU
	EndGlobalSection
	GlobalSection(ProjectConfigurationPlatforms) = postSolution
		{8D2A4147-EA4E-43FF-A6B4-EAE32C29EEBC}.Debug|Any CPU.ActiveCfg = Debug|Any CPU
		{8D2A4147-EA4E-43FF-A6B4-EAE32C29EEBC}.Debug|Any CPU.Build.0 = Debug|Any CPU
		{8D2A4147-EA4E-43FF-A6B4-EAE32C29EEBC}.Release|Any CPU.ActiveCfg = Release|Any CPU
		{8D2A4147-EA4E-43FF-A6B4-EAE32C29EEBC}.Release|Any CPU.Build.0 = Release|Any CPU
	EndGlobalSection
	GlobalSection(SolutionProperties) = preSolution
		HideSolutionNode = FALSE
	EndGlobalSection
	GlobalSection(ExtensibilityGlobals) = postSolution
		SolutionGuid = {F3D00F09-58AC-4822-8DB2-B677D1E52E77}
	EndGlobalSection
EndGlobal
